schema: '2.0'
stages:
  stage_01:
    cmd: python stage_01.py
    deps:
    - path: stage_01.py
      hash: md5
      md5: 881ab0be733d6a0be65dc76085ab2b29
      size: 93
    outs:
    - path: artifact.txt
      hash: md5
      md5: cf5d5888950012cc6e08e0b90d61ac4f
      size: 38
  stage_02:
    cmd: python stage_02.py
    deps:
    - path: artifact.txt
      hash: md5
      md5: cf5d5888950012cc6e08e0b90d61ac4f
      size: 38
    - path: stage_02.py
      hash: md5
      md5: 8eb2de60b511e0a5905789d54514ccc0
      size: 106
  stage_03:
    cmd: python stage_03.py
    deps:
    - path: artifact.txt
      hash: md5
      md5: f5525f0dec9e7a1a511d1e821d0602c9
      size: 63
    - path: stage_03.py
      hash: md5
      md5: 685c52bc441530246983bf94e09263f6
      size: 184
